
Microsoft Visual Studio Solution File, Format Version 12.00
# Visual Studio Version 17
VisualStudioVersion = 17.8.34330.188
MinimumVisualStudioVersion = 10.0.40219.1
Project("{9A19103F-16F7-4668-BE54-9A1E7A4F7556}") = "QuizCrafter.Web", "src\QuizCrafter.Web\QuizCrafter.Web.csproj", "{F9051F71-B6D5-4EBF-8462-4D87104D22A7}"
EndProject
Project("{2150E333-8FDC-42A3-9474-1A3956D46DE8}") = "Shared", "Shared", "{45F07D38-849F-47C9-92C8-0046E2204A29}"
EndProject
Project("{9A19103F-16F7-4668-BE54-9A1E7A4F7556}") = "QuizCrafter.Shared.Components", "src\Shared\QuizCrafter.Shared.Components\QuizCrafter.Shared.Components.csproj", "{7CC82D26-C304-46AB-919E-CA9137D737AB}"
EndProject
Project("{2150E333-8FDC-42A3-9474-1A3956D46DE8}") = "ModularComponents", "ModularComponents", "{90D5E1E9-A0BE-4BA3-80E5-D74352DECE36}"
EndProject
Project("{9A19103F-16F7-4668-BE54-9A1E7A4F7556}") = "QuizCrafter.ModularComponents.Abstraction", "src\ModularComponents\QuizCrafter.ModularComponents.Abstraction\QuizCrafter.ModularComponents.Abstraction.csproj", "{CC575A41-CA72-4E7F-8C0F-EB1A17DE110B}"
EndProject
Project("{9A19103F-16F7-4668-BE54-9A1E7A4F7556}") = "QuizCrafter.ModularComponents.MultiChoiceQuestion.Presentation", "src\ModularComponents\QuizCrafter.ModularComponents.MultiChoiceQuestion.Presentation\QuizCrafter.ModularComponents.MultiChoiceQuestion.Presentation.csproj", "{479B8360-C2B8-4FBD-9725-DD8FE9C2DC7B}"
EndProject
Project("{2150E333-8FDC-42A3-9474-1A3956D46DE8}") = "Bootstrapper", "Bootstrapper", "{8FB73BB7-51D1-4834-8226-F0B410D94629}"
EndProject
Project("{2150E333-8FDC-42A3-9474-1A3956D46DE8}") = "Modules", "Modules", "{F62F9B28-00D9-4034-ADE3-8539969E6482}"
EndProject
Project("{2150E333-8FDC-42A3-9474-1A3956D46DE8}") = "Quizzes", "Quizzes", "{6E29B1EC-595C-413D-8D7B-65F25C284CD6}"
EndProject
Project("{9A19103F-16F7-4668-BE54-9A1E7A4F7556}") = "QuizCrafter.Modules.Quizzes.Api", "src\Modules\Quizzes\QuizCrafter.Modules.Quizzes.Api\QuizCrafter.Modules.Quizzes.Api.csproj", "{55E23A4B-666B-486B-8374-C132F96CF0DC}"
EndProject
Project("{9A19103F-16F7-4668-BE54-9A1E7A4F7556}") = "QuizCrafter.ModularComponents.FillInTheBlanks.Presentation", "src\ModularComponents\QuizCrafter.ModularComponents.FillInTheBlanks.Presentation\QuizCrafter.ModularComponents.FillInTheBlanks.Presentation.csproj", "{0D224B84-A4C9-4EDC-919F-5D0540A85164}"
EndProject
Project("{9A19103F-16F7-4668-BE54-9A1E7A4F7556}") = "QuizCrafter.ModularComponents.PlaceInCorrectOrder.Presentation", "src\ModularComponents\QuizCrafter.ModularComponents.PlaceInCorrectOrder.Presentation\QuizCrafter.ModularComponents.PlaceInCorrectOrder.Presentation.csproj", "{F89BBA62-169F-4D31-92C4-29E3EB0E4E30}"
EndProject
Project("{9A19103F-16F7-4668-BE54-9A1E7A4F7556}") = "QuizCrafter.ModularComponents.Infrastructure", "src\ModularComponents\QuizCrafter.ModularComponents.Infrastructure\QuizCrafter.ModularComponents.Infrastructure.csproj", "{A323BC6A-CE22-4797-BB78-C1C319156589}"
EndProject
Project("{2150E333-8FDC-42A3-9474-1A3956D46DE8}") = "Components", "Components", "{D2F1FE93-8908-4F6E-BD14-403D5D0D8BB7}"
EndProject
Project("{9A19103F-16F7-4668-BE54-9A1E7A4F7556}") = "QuizCrafter.Modules.Quizzes.Application", "src\Modules\Quizzes\QuizCrafter.Modules.Quizzes.Application\QuizCrafter.Modules.Quizzes.Application.csproj", "{DDE45755-E9FA-405B-A05B-56E8BA07EC52}"
EndProject
Project("{9A19103F-16F7-4668-BE54-9A1E7A4F7556}") = "QuizCrafter.Shared.Abstraction", "src\Shared\QuizCrafter.Shared.Abstraction\QuizCrafter.Shared.Abstraction.csproj", "{0436647D-0E0D-412A-A444-BFCDD93B2A91}"
EndProject
Project("{9A19103F-16F7-4668-BE54-9A1E7A4F7556}") = "QuizCrafter.Shared.Infrastructure", "src\Shared\QuizCrafter.Shared.Infrastructure\QuizCrafter.Shared.Infrastructure.csproj", "{622838DE-2D2F-46D0-8670-A472D232788F}"
EndProject
Project("{9A19103F-16F7-4668-BE54-9A1E7A4F7556}") = "QuizCrafter.Shared.Contracts", "src\Shared\QuizCrafter.Shared.Contracts\QuizCrafter.Shared.Contracts.csproj", "{2D44F447-4E4B-4FB7-93D1-2B7D3D16FAFA}"
EndProject
Project("{FAE04EC0-301F-11D3-BF4B-00C04F79EFBC}") = "QuizCrafter.Modules.Quizzes.Infrastructure", "src\Modules\Quizzes\QuizCrafter.Modules.Quizzes.Infrastructure\QuizCrafter.Modules.Quizzes.Infrastructure.csproj", "{B1C43810-C36E-4673-98A9-126F9E4F7214}"
EndProject
Project("{FAE04EC0-301F-11D3-BF4B-00C04F79EFBC}") = "QuizCrafter.Modules.Quizzes.Domain", "src\Modules\Quizzes\QuizCrafter.Modules.Quizzes.Domain\QuizCrafter.Modules.Quizzes.Domain.csproj", "{625C1BB3-F3F0-4A02-BB5C-F0AB73EBE58E}"
EndProject
Global
	GlobalSection(SolutionConfigurationPlatforms) = preSolution
		Debug|Any CPU = Debug|Any CPU
		Release|Any CPU = Release|Any CPU
	EndGlobalSection
	GlobalSection(ProjectConfigurationPlatforms) = postSolution
		{F9051F71-B6D5-4EBF-8462-4D87104D22A7}.Debug|Any CPU.ActiveCfg = Debug|Any CPU
		{F9051F71-B6D5-4EBF-8462-4D87104D22A7}.Debug|Any CPU.Build.0 = Debug|Any CPU
		{F9051F71-B6D5-4EBF-8462-4D87104D22A7}.Release|Any CPU.ActiveCfg = Release|Any CPU
		{F9051F71-B6D5-4EBF-8462-4D87104D22A7}.Release|Any CPU.Build.0 = Release|Any CPU
		{7CC82D26-C304-46AB-919E-CA9137D737AB}.Debug|Any CPU.ActiveCfg = Debug|Any CPU
		{7CC82D26-C304-46AB-919E-CA9137D737AB}.Debug|Any CPU.Build.0 = Debug|Any CPU
		{7CC82D26-C304-46AB-919E-CA9137D737AB}.Release|Any CPU.ActiveCfg = Release|Any CPU
		{7CC82D26-C304-46AB-919E-CA9137D737AB}.Release|Any CPU.Build.0 = Release|Any CPU
		{CC575A41-CA72-4E7F-8C0F-EB1A17DE110B}.Debug|Any CPU.ActiveCfg = Debug|Any CPU
		{CC575A41-CA72-4E7F-8C0F-EB1A17DE110B}.Debug|Any CPU.Build.0 = Debug|Any CPU
		{CC575A41-CA72-4E7F-8C0F-EB1A17DE110B}.Release|Any CPU.ActiveCfg = Release|Any CPU
		{CC575A41-CA72-4E7F-8C0F-EB1A17DE110B}.Release|Any CPU.Build.0 = Release|Any CPU
		{479B8360-C2B8-4FBD-9725-DD8FE9C2DC7B}.Debug|Any CPU.ActiveCfg = Debug|Any CPU
		{479B8360-C2B8-4FBD-9725-DD8FE9C2DC7B}.Debug|Any CPU.Build.0 = Debug|Any CPU
		{479B8360-C2B8-4FBD-9725-DD8FE9C2DC7B}.Release|Any CPU.ActiveCfg = Release|Any CPU
		{479B8360-C2B8-4FBD-9725-DD8FE9C2DC7B}.Release|Any CPU.Build.0 = Release|Any CPU
		{55E23A4B-666B-486B-8374-C132F96CF0DC}.Debug|Any CPU.ActiveCfg = Debug|Any CPU
		{55E23A4B-666B-486B-8374-C132F96CF0DC}.Debug|Any CPU.Build.0 = Debug|Any CPU
		{55E23A4B-666B-486B-8374-C132F96CF0DC}.Release|Any CPU.ActiveCfg = Release|Any CPU
		{55E23A4B-666B-486B-8374-C132F96CF0DC}.Release|Any CPU.Build.0 = Release|Any CPU
		{0D224B84-A4C9-4EDC-919F-5D0540A85164}.Debug|Any CPU.ActiveCfg = Debug|Any CPU
		{0D224B84-A4C9-4EDC-919F-5D0540A85164}.Debug|Any CPU.Build.0 = Debug|Any CPU
		{0D224B84-A4C9-4EDC-919F-5D0540A85164}.Release|Any CPU.ActiveCfg = Release|Any CPU
		{0D224B84-A4C9-4EDC-919F-5D0540A85164}.Release|Any CPU.Build.0 = Release|Any CPU
		{F89BBA62-169F-4D31-92C4-29E3EB0E4E30}.Debug|Any CPU.ActiveCfg = Debug|Any CPU
		{F89BBA62-169F-4D31-92C4-29E3EB0E4E30}.Debug|Any CPU.Build.0 = Debug|Any CPU
		{F89BBA62-169F-4D31-92C4-29E3EB0E4E30}.Release|Any CPU.ActiveCfg = Release|Any CPU
		{F89BBA62-169F-4D31-92C4-29E3EB0E4E30}.Release|Any CPU.Build.0 = Release|Any CPU
		{A323BC6A-CE22-4797-BB78-C1C319156589}.Debug|Any CPU.ActiveCfg = Debug|Any CPU
		{A323BC6A-CE22-4797-BB78-C1C319156589}.Debug|Any CPU.Build.0 = Debug|Any CPU
		{A323BC6A-CE22-4797-BB78-C1C319156589}.Release|Any CPU.ActiveCfg = Release|Any CPU
		{A323BC6A-CE22-4797-BB78-C1C319156589}.Release|Any CPU.Build.0 = Release|Any CPU
		{DDE45755-E9FA-405B-A05B-56E8BA07EC52}.Debug|Any CPU.ActiveCfg = Debug|Any CPU
		{DDE45755-E9FA-405B-A05B-56E8BA07EC52}.Debug|Any CPU.Build.0 = Debug|Any CPU
		{DDE45755-E9FA-405B-A05B-56E8BA07EC52}.Release|Any CPU.ActiveCfg = Release|Any CPU
		{DDE45755-E9FA-405B-A05B-56E8BA07EC52}.Release|Any CPU.Build.0 = Release|Any CPU
		{0436647D-0E0D-412A-A444-BFCDD93B2A91}.Debug|Any CPU.ActiveCfg = Debug|Any CPU
		{0436647D-0E0D-412A-A444-BFCDD93B2A91}.Debug|Any CPU.Build.0 = Debug|Any CPU
		{0436647D-0E0D-412A-A444-BFCDD93B2A91}.Release|Any CPU.ActiveCfg = Release|Any CPU
		{0436647D-0E0D-412A-A444-BFCDD93B2A91}.Release|Any CPU.Build.0 = Release|Any CPU
		{622838DE-2D2F-46D0-8670-A472D232788F}.Debug|Any CPU.ActiveCfg = Debug|Any CPU
		{622838DE-2D2F-46D0-8670-A472D232788F}.Debug|Any CPU.Build.0 = Debug|Any CPU
		{622838DE-2D2F-46D0-8670-A472D232788F}.Release|Any CPU.ActiveCfg = Release|Any CPU
		{622838DE-2D2F-46D0-8670-A472D232788F}.Release|Any CPU.Build.0 = Release|Any CPU
		{2D44F447-4E4B-4FB7-93D1-2B7D3D16FAFA}.Debug|Any CPU.ActiveCfg = Debug|Any CPU
		{2D44F447-4E4B-4FB7-93D1-2B7D3D16FAFA}.Debug|Any CPU.Build.0 = Debug|Any CPU
		{2D44F447-4E4B-4FB7-93D1-2B7D3D16FAFA}.Release|Any CPU.ActiveCfg = Release|Any CPU
		{2D44F447-4E4B-4FB7-93D1-2B7D3D16FAFA}.Release|Any CPU.Build.0 = Release|Any CPU
		{B1C43810-C36E-4673-98A9-126F9E4F7214}.Debug|Any CPU.ActiveCfg = Debug|Any CPU
		{B1C43810-C36E-4673-98A9-126F9E4F7214}.Debug|Any CPU.Build.0 = Debug|Any CPU
		{B1C43810-C36E-4673-98A9-126F9E4F7214}.Release|Any CPU.ActiveCfg = Release|Any CPU
		{B1C43810-C36E-4673-98A9-126F9E4F7214}.Release|Any CPU.Build.0 = Release|Any CPU
		{625C1BB3-F3F0-4A02-BB5C-F0AB73EBE58E}.Debug|Any CPU.ActiveCfg = Debug|Any CPU
		{625C1BB3-F3F0-4A02-BB5C-F0AB73EBE58E}.Debug|Any CPU.Build.0 = Debug|Any CPU
		{625C1BB3-F3F0-4A02-BB5C-F0AB73EBE58E}.Release|Any CPU.ActiveCfg = Release|Any CPU
		{625C1BB3-F3F0-4A02-BB5C-F0AB73EBE58E}.Release|Any CPU.Build.0 = Release|Any CPU
	EndGlobalSection
	GlobalSection(SolutionProperties) = preSolution
		HideSolutionNode = FALSE
	EndGlobalSection
	GlobalSection(NestedProjects) = preSolution
		{7CC82D26-C304-46AB-919E-CA9137D737AB} = {45F07D38-849F-47C9-92C8-0046E2204A29}
		{CC575A41-CA72-4E7F-8C0F-EB1A17DE110B} = {90D5E1E9-A0BE-4BA3-80E5-D74352DECE36}
		{479B8360-C2B8-4FBD-9725-DD8FE9C2DC7B} = {D2F1FE93-8908-4F6E-BD14-403D5D0D8BB7}
		{6E29B1EC-595C-413D-8D7B-65F25C284CD6} = {F62F9B28-00D9-4034-ADE3-8539969E6482}
		{55E23A4B-666B-486B-8374-C132F96CF0DC} = {6E29B1EC-595C-413D-8D7B-65F25C284CD6}
		{0D224B84-A4C9-4EDC-919F-5D0540A85164} = {D2F1FE93-8908-4F6E-BD14-403D5D0D8BB7}
		{F89BBA62-169F-4D31-92C4-29E3EB0E4E30} = {D2F1FE93-8908-4F6E-BD14-403D5D0D8BB7}
		{A323BC6A-CE22-4797-BB78-C1C319156589} = {90D5E1E9-A0BE-4BA3-80E5-D74352DECE36}
		{D2F1FE93-8908-4F6E-BD14-403D5D0D8BB7} = {90D5E1E9-A0BE-4BA3-80E5-D74352DECE36}
		{DDE45755-E9FA-405B-A05B-56E8BA07EC52} = {6E29B1EC-595C-413D-8D7B-65F25C284CD6}
		{0436647D-0E0D-412A-A444-BFCDD93B2A91} = {45F07D38-849F-47C9-92C8-0046E2204A29}
		{622838DE-2D2F-46D0-8670-A472D232788F} = {45F07D38-849F-47C9-92C8-0046E2204A29}
		{2D44F447-4E4B-4FB7-93D1-2B7D3D16FAFA} = {45F07D38-849F-47C9-92C8-0046E2204A29}
		{B1C43810-C36E-4673-98A9-126F9E4F7214} = {6E29B1EC-595C-413D-8D7B-65F25C284CD6}
		{625C1BB3-F3F0-4A02-BB5C-F0AB73EBE58E} = {6E29B1EC-595C-413D-8D7B-65F25C284CD6}
	EndGlobalSection
	GlobalSection(ExtensibilityGlobals) = postSolution
		SolutionGuid = {2D618763-F8C8-407A-8B6B-2D3618F42780}
	EndGlobalSection
EndGlobal
